
Microsoft Visual Studio Solution File, Format Version 12.00
# Visual Studio Version 17
VisualStudioVersion = 17.3.32922.545
MinimumVisualStudioVersion = 10.0.40219.1
Project("{2150E333-8FDC-42A3-9474-1A3956D46DE8}") = "01 - Client", "01 - Client", "{0115C779-EBF1-491D-BD29-E68E538A1830}"
EndProject
Project("{2150E333-8FDC-42A3-9474-1A3956D46DE8}") = "02 - Server", "02 - Server", "{EED9B125-54EB-4C0F-AB0D-507B09E2F220}"
EndProject
Project("{2150E333-8FDC-42A3-9474-1A3956D46DE8}") = "03 - Unit Tests", "03 - Unit Tests", "{493FD44C-24BC-48C3-85CD-CADDD9943B60}"
EndProject
Project("{9A19103F-16F7-4668-BE54-9A1E7A4F7556}") = "Movies.Client", "Movies.Client\Movies.Client.csproj", "{565BF2EC-EB0F-4368-8055-6AF65F6EE628}"
EndProject
Project("{9A19103F-16F7-4668-BE54-9A1E7A4F7556}") = "Movies.API", "Movies.API\Movies.API.csproj", "{F84C429B-15BE-4D99-B1CB-BC3BD9936D09}"
EndProject
Global
	GlobalSection(SolutionConfigurationPlatforms) = preSolution
		Debug|Any CPU = Debug|Any CPU
		Release|Any CPU = Release|Any CPU
	EndGlobalSection
	GlobalSection(ProjectConfigurationPlatforms) = postSolution
		{565BF2EC-EB0F-4368-8055-6AF65F6EE628}.Debug|Any CPU.ActiveCfg = Debug|Any CPU
		{565BF2EC-EB0F-4368-8055-6AF65F6EE628}.Debug|Any CPU.Build.0 = Debug|Any CPU
		{565BF2EC-EB0F-4368-8055-6AF65F6EE628}.Release|Any CPU.ActiveCfg = Release|Any CPU
		{565BF2EC-EB0F-4368-8055-6AF65F6EE628}.Release|Any CPU.Build.0 = Release|Any CPU
		{F84C429B-15BE-4D99-B1CB-BC3BD9936D09}.Debug|Any CPU.ActiveCfg = Debug|Any CPU
		{F84C429B-15BE-4D99-B1CB-BC3BD9936D09}.Debug|Any CPU.Build.0 = Debug|Any CPU
		{F84C429B-15BE-4D99-B1CB-BC3BD9936D09}.Release|Any CPU.ActiveCfg = Release|Any CPU
		{F84C429B-15BE-4D99-B1CB-BC3BD9936D09}.Release|Any CPU.Build.0 = Release|Any CPU
	EndGlobalSection
	GlobalSection(SolutionProperties) = preSolution
		HideSolutionNode = FALSE
	EndGlobalSection
	GlobalSection(NestedProjects) = preSolution
		{565BF2EC-EB0F-4368-8055-6AF65F6EE628} = {0115C779-EBF1-491D-BD29-E68E538A1830}
		{F84C429B-15BE-4D99-B1CB-BC3BD9936D09} = {EED9B125-54EB-4C0F-AB0D-507B09E2F220}
	EndGlobalSection
	GlobalSection(ExtensibilityGlobals) = postSolution
		SolutionGuid = {49B98022-5AAA-43D7-A13D-33A45D4CC577}
	EndGlobalSection
EndGlobal
